{
  "name": "obs-status-indicators",
  "lockfileVersion": 3,
  "requires": true,
  "packages": {
    "": {
      "devDependencies": {
        "lucide-static": "1.41.0"
      }
    },
    "node_modules/lucide-static": {
      "version": "1.41.0",
      "resolved": "https://registry.npmjs.org/lucide-static/-/lucide-static-1.41.0.tgz",
      "integrity": "sha512-39fX7SH+Rwis0oUmLLOipOoFSiJll9yi2DyEGDaE7Sp0qQAEhEfMQ2scQNdWKeGVENGv1uXc5ZeZqBWsuhQSFg==",
      "dev": true,
      "license": "ISC"
    }
  }
}
